
Microsoft Visual Studio Solution File, Format Version 12.00
# Visual Studio Version 16
VisualStudioVersion = 16.0.32002.261
MinimumVisualStudioVersion = 10.0.40219.1
Project("{FAE04EC0-301F-11D3-BF4B-00C04F79EFBC}") = "ServerMonitor", "ServerMonitor\ServerMonitor.csproj", "{068207A0-C189-4BB6-BABC-1E4245D39100}"
EndProject
Project("{FAE04EC0-301F-11D3-BF4B-00C04F79EFBC}") = "Core", "Core\Core.csproj", "{C60E45E9-EF93-4952-88AA-A67FD5C65856}"
EndProject
Global
	GlobalSection(SolutionConfigurationPlatforms) = preSolution
		Debug|Any CPU = Debug|Any CPU
		Release|Any CPU = Release|Any CPU
	EndGlobalSection
	GlobalSection(ProjectConfigurationPlatforms) = postSolution
		{068207A0-C189-4BB6-BABC-1E4245D39100}.Debug|Any CPU.ActiveCfg = Debug|Any CPU
		{068207A0-C189-4BB6-BABC-1E4245D39100}.Debug|Any CPU.Build.0 = Debug|Any CPU
		{068207A0-C189-4BB6-BABC-1E4245D39100}.Release|Any CPU.ActiveCfg = Release|Any CPU
		{068207A0-C189-4BB6-BABC-1E4245D39100}.Release|Any CPU.Build.0 = Release|Any CPU
		{C60E45E9-EF93-4952-88AA-A67FD5C65856}.Debug|Any CPU.ActiveCfg = Debug|Any CPU
		{C60E45E9-EF93-4952-88AA-A67FD5C65856}.Debug|Any CPU.Build.0 = Debug|Any CPU
		{C60E45E9-EF93-4952-88AA-A67FD5C65856}.Release|Any CPU.ActiveCfg = Release|Any CPU
		{C60E45E9-EF93-4952-88AA-A67FD5C65856}.Release|Any CPU.Build.0 = Release|Any CPU
	EndGlobalSection
	GlobalSection(SolutionProperties) = preSolution
		HideSolutionNode = FALSE
	EndGlobalSection
	GlobalSection(ExtensibilityGlobals) = postSolution
		SolutionGuid = {B1DB1856-813D-4CED-B321-289E65571E2E}
	EndGlobalSection
EndGlobal
